
Microsoft Visual Studio Solution File, Format Version 12.00
# Visual Studio Version 17
VisualStudioVersion = 17.6.33829.357
MinimumVisualStudioVersion = 10.0.40219.1
Project("{9A19103F-16F7-4668-BE54-9A1E7A4F7556}") = "Server", "Server\Server\Server.csproj", "{747E463C-BA0A-4709-B9B4-414F23006DF9}"
EndProject
Project("{9A19103F-16F7-4668-BE54-9A1E7A4F7556}") = "Shared", "Shared\Shared.csproj", "{91A77D8B-7B01-4CB3-99E0-ECC96508745A}"
EndProject
Project("{9A19103F-16F7-4668-BE54-9A1E7A4F7556}") = "DBMigrations", "Server\DBMigrations\DBMigrations.csproj", "{DFB5A73A-1EE8-4771-8BDC-0123DC5D334E}"
EndProject
Project("{9A19103F-16F7-4668-BE54-9A1E7A4F7556}") = "ServerShared", "ServerShared\ServerShared.csproj", "{D4FDFDF2-8A82-4ED3-903D-E90776D1525E}"
EndProject
Project("{9A19103F-16F7-4668-BE54-9A1E7A4F7556}") = "MatchServer", "MatchServer\MatchServer.csproj", "{99A2E062-9A7F-4F21-BA86-44D7B2093064}"
EndProject
Global
	GlobalSection(SolutionConfigurationPlatforms) = preSolution
		Debug|Any CPU = Debug|Any CPU
		Release|Any CPU = Release|Any CPU
	EndGlobalSection
	GlobalSection(ProjectConfigurationPlatforms) = postSolution
		{747E463C-BA0A-4709-B9B4-414F23006DF9}.Debug|Any CPU.ActiveCfg = Debug|Any CPU
		{747E463C-BA0A-4709-B9B4-414F23006DF9}.Debug|Any CPU.Build.0 = Debug|Any CPU
		{747E463C-BA0A-4709-B9B4-414F23006DF9}.Release|Any CPU.ActiveCfg = Release|Any CPU
		{747E463C-BA0A-4709-B9B4-414F23006DF9}.Release|Any CPU.Build.0 = Release|Any CPU
		{91A77D8B-7B01-4CB3-99E0-ECC96508745A}.Debug|Any CPU.ActiveCfg = Debug|Any CPU
		{91A77D8B-7B01-4CB3-99E0-ECC96508745A}.Debug|Any CPU.Build.0 = Debug|Any CPU
		{91A77D8B-7B01-4CB3-99E0-ECC96508745A}.Release|Any CPU.ActiveCfg = Release|Any CPU
		{91A77D8B-7B01-4CB3-99E0-ECC96508745A}.Release|Any CPU.Build.0 = Release|Any CPU
		{DFB5A73A-1EE8-4771-8BDC-0123DC5D334E}.Debug|Any CPU.ActiveCfg = Debug|Any CPU
		{DFB5A73A-1EE8-4771-8BDC-0123DC5D334E}.Debug|Any CPU.Build.0 = Debug|Any CPU
		{DFB5A73A-1EE8-4771-8BDC-0123DC5D334E}.Release|Any CPU.ActiveCfg = Release|Any CPU
		{DFB5A73A-1EE8-4771-8BDC-0123DC5D334E}.Release|Any CPU.Build.0 = Release|Any CPU
		{D4FDFDF2-8A82-4ED3-903D-E90776D1525E}.Debug|Any CPU.ActiveCfg = Debug|Any CPU
		{D4FDFDF2-8A82-4ED3-903D-E90776D1525E}.Debug|Any CPU.Build.0 = Debug|Any CPU
		{D4FDFDF2-8A82-4ED3-903D-E90776D1525E}.Release|Any CPU.ActiveCfg = Release|Any CPU
		{D4FDFDF2-8A82-4ED3-903D-E90776D1525E}.Release|Any CPU.Build.0 = Release|Any CPU
		{99A2E062-9A7F-4F21-BA86-44D7B2093064}.Debug|Any CPU.ActiveCfg = Debug|Any CPU
		{99A2E062-9A7F-4F21-BA86-44D7B2093064}.Debug|Any CPU.Build.0 = Debug|Any CPU
		{99A2E062-9A7F-4F21-BA86-44D7B2093064}.Release|Any CPU.ActiveCfg = Release|Any CPU
		{99A2E062-9A7F-4F21-BA86-44D7B2093064}.Release|Any CPU.Build.0 = Release|Any CPU
	EndGlobalSection
	GlobalSection(SolutionProperties) = preSolution
		HideSolutionNode = FALSE
	EndGlobalSection
	GlobalSection(ExtensibilityGlobals) = postSolution
		SolutionGuid = {C9155021-F43F-4EE0-A046-CF71DFE3D988}
	EndGlobalSection
EndGlobal
